
Microsoft Visual Studio Solution File, Format Version 10.00
# Visual Studio 2008
Project("{F14B399A-7131-4C87-9E4B-1186C45EF12D}") = "SampleReportProject", "SampleReportProject\SampleReportProject.rptproj", "{F23889AB-13F6-4739-980D-C1CF3D1A3FA7}"
EndProject
Global
	GlobalSection(SolutionConfigurationPlatforms) = preSolution
		Debug|Default = Debug|Default
		DebugLocal|Default = DebugLocal|Default
		Release|Default = Release|Default
	EndGlobalSection
	GlobalSection(ProjectConfigurationPlatforms) = postSolution
		{F23889AB-13F6-4739-980D-C1CF3D1A3FA7}.Debug|Default.ActiveCfg = Debug
		{F23889AB-13F6-4739-980D-C1CF3D1A3FA7}.Debug|Default.Build.0 = DebugLocal
		{F23889AB-13F6-4739-980D-C1CF3D1A3FA7}.Debug|Default.Deploy.0 = DebugLocal
		{F23889AB-13F6-4739-980D-C1CF3D1A3FA7}.DebugLocal|Default.ActiveCfg = DebugLocal
		{F23889AB-13F6-4739-980D-C1CF3D1A3FA7}.DebugLocal|Default.Build.0 = DebugLocal
		{F23889AB-13F6-4739-980D-C1CF3D1A3FA7}.Release|Default.ActiveCfg = Release
		{F23889AB-13F6-4739-980D-C1CF3D1A3FA7}.Release|Default.Build.0 = Release
		{F23889AB-13F6-4739-980D-C1CF3D1A3FA7}.Release|Default.Deploy.0 = Release
	EndGlobalSection
	GlobalSection(SolutionProperties) = preSolution
		HideSolutionNode = FALSE
	EndGlobalSection
EndGlobal
