Microsoft Visual Studio Solution File, Format Version 7.00
Project("{FAE04EC0-301F-11D3-BF4B-00C04F79EFBC}") = "FormatMask", "FormatMask.csproj", "{5893C7A3-E79B-4D9E-9C5C-DD66F94EDB5F}"
EndProject
Global
	GlobalSection(SolutionConfiguration) = preSolution
		ConfigName.0 = Debug
		ConfigName.1 = Release
	EndGlobalSection
	GlobalSection(ProjectDependencies) = postSolution
	EndGlobalSection
	GlobalSection(ProjectConfiguration) = postSolution
		{5893C7A3-E79B-4D9E-9C5C-DD66F94EDB5F}.Debug.ActiveCfg = Debug|.NET
		{5893C7A3-E79B-4D9E-9C5C-DD66F94EDB5F}.Debug.Build.0 = Debug|.NET
		{5893C7A3-E79B-4D9E-9C5C-DD66F94EDB5F}.Release.ActiveCfg = Release|.NET
		{5893C7A3-E79B-4D9E-9C5C-DD66F94EDB5F}.Release.Build.0 = Release|.NET
	EndGlobalSection
	GlobalSection(ExtensibilityGlobals) = postSolution
	EndGlobalSection
	GlobalSection(ExtensibilityAddIns) = postSolution
	EndGlobalSection
EndGlobal
