Microsoft Visual Studio Solution File, Format Version 7.00
Project("{FAE04EC0-301F-11D3-BF4B-00C04F79EFBC}") = "Void", "Void.csproj", "{4E3EA8AC-1CDB-4D96-BB8D-759E08B0A704}"
EndProject
Global
	GlobalSection(SolutionConfiguration) = preSolution
		ConfigName.0 = Debug
		ConfigName.1 = Release
	EndGlobalSection
	GlobalSection(ProjectDependencies) = postSolution
	EndGlobalSection
	GlobalSection(ProjectConfiguration) = postSolution
		{4E3EA8AC-1CDB-4D96-BB8D-759E08B0A704}.Debug.ActiveCfg = Debug|.NET
		{4E3EA8AC-1CDB-4D96-BB8D-759E08B0A704}.Debug.Build.0 = Debug|.NET
		{4E3EA8AC-1CDB-4D96-BB8D-759E08B0A704}.Release.ActiveCfg = Release|.NET
		{4E3EA8AC-1CDB-4D96-BB8D-759E08B0A704}.Release.Build.0 = Release|.NET
	EndGlobalSection
	GlobalSection(ExtensibilityGlobals) = postSolution
	EndGlobalSection
	GlobalSection(ExtensibilityAddIns) = postSolution
	EndGlobalSection
EndGlobal
