Microsoft Visual Studio Solution File, Format Version 8.00
Project("{FAE04EC0-301F-11D3-BF4B-00C04F79EFBC}") = "MSCOMMTest", "MSCOMMTest.csproj", "{A987BEDD-1B31-4890-92D3-986D4A6660ED}"
	ProjectSection(ProjectDependencies) = postProject
	EndProjectSection
EndProject
Global
	GlobalSection(SolutionConfiguration) = preSolution
		Debug = Debug
		Release = Release
	EndGlobalSection
	GlobalSection(ProjectConfiguration) = postSolution
		{A987BEDD-1B31-4890-92D3-986D4A6660ED}.Debug.ActiveCfg = Debug|.NET
		{A987BEDD-1B31-4890-92D3-986D4A6660ED}.Debug.Build.0 = Debug|.NET
		{A987BEDD-1B31-4890-92D3-986D4A6660ED}.Release.ActiveCfg = Release|.NET
		{A987BEDD-1B31-4890-92D3-986D4A6660ED}.Release.Build.0 = Release|.NET
	EndGlobalSection
	GlobalSection(ExtensibilityGlobals) = postSolution
	EndGlobalSection
	GlobalSection(ExtensibilityAddIns) = postSolution
	EndGlobalSection
EndGlobal
