Microsoft Visual Studio Solution File, Format Version 8.00
Project("{FAE04EC0-301F-11D3-BF4B-00C04F79EFBC}") = "Reflection4", "Reflection4.csproj", "{0FADAE3A-1120-4A96-A26A-DFD2FFD9C945}"
	ProjectSection(ProjectDependencies) = postProject
	EndProjectSection
EndProject
Global
	GlobalSection(SolutionConfiguration) = preSolution
		Debug = Debug
		Release = Release
	EndGlobalSection
	GlobalSection(ProjectConfiguration) = postSolution
		{0FADAE3A-1120-4A96-A26A-DFD2FFD9C945}.Debug.ActiveCfg = Debug|.NET
		{0FADAE3A-1120-4A96-A26A-DFD2FFD9C945}.Debug.Build.0 = Debug|.NET
		{0FADAE3A-1120-4A96-A26A-DFD2FFD9C945}.Release.ActiveCfg = Release|.NET
		{0FADAE3A-1120-4A96-A26A-DFD2FFD9C945}.Release.Build.0 = Release|.NET
	EndGlobalSection
	GlobalSection(ExtensibilityGlobals) = postSolution
	EndGlobalSection
	GlobalSection(ExtensibilityAddIns) = postSolution
	EndGlobalSection
EndGlobal
