Microsoft Visual Studio Solution File, Format Version 8.00
Project("{FAE04EC0-301F-11D3-BF4B-00C04F79EFBC}") = "ConsoleOutput", "ConsoleOutput.csproj", "{B22E6857-B9A2-4AD9-8F34-33B2BC24B2CB}"
	ProjectSection(ProjectDependencies) = postProject
	EndProjectSection
EndProject
Global
	GlobalSection(SolutionConfiguration) = preSolution
		Debug = Debug
		Release = Release
	EndGlobalSection
	GlobalSection(ProjectConfiguration) = postSolution
		{B22E6857-B9A2-4AD9-8F34-33B2BC24B2CB}.Debug.ActiveCfg = Debug|.NET
		{B22E6857-B9A2-4AD9-8F34-33B2BC24B2CB}.Debug.Build.0 = Debug|.NET
		{B22E6857-B9A2-4AD9-8F34-33B2BC24B2CB}.Release.ActiveCfg = Release|.NET
		{B22E6857-B9A2-4AD9-8F34-33B2BC24B2CB}.Release.Build.0 = Release|.NET
	EndGlobalSection
	GlobalSection(ExtensibilityGlobals) = postSolution
	EndGlobalSection
	GlobalSection(ExtensibilityAddIns) = postSolution
	EndGlobalSection
EndGlobal
