Microsoft Visual Studio Solution File, Format Version 8.00
Project("{FAE04EC0-301F-11D3-BF4B-00C04F79EFBC}") = "ConsoleApplication3", "ConsoleApplication3.csproj", "{A1CDF09F-8E68-4C78-B6FE-5FB522FDEC11}"
	ProjectSection(ProjectDependencies) = postProject
	EndProjectSection
EndProject
Global
	GlobalSection(SolutionConfiguration) = preSolution
		Debug = Debug
		Release = Release
	EndGlobalSection
	GlobalSection(ProjectConfiguration) = postSolution
		{A1CDF09F-8E68-4C78-B6FE-5FB522FDEC11}.Debug.ActiveCfg = Debug|.NET
		{A1CDF09F-8E68-4C78-B6FE-5FB522FDEC11}.Debug.Build.0 = Debug|.NET
		{A1CDF09F-8E68-4C78-B6FE-5FB522FDEC11}.Release.ActiveCfg = Release|.NET
		{A1CDF09F-8E68-4C78-B6FE-5FB522FDEC11}.Release.Build.0 = Release|.NET
	EndGlobalSection
	GlobalSection(ExtensibilityGlobals) = postSolution
	EndGlobalSection
	GlobalSection(ExtensibilityAddIns) = postSolution
	EndGlobalSection
EndGlobal
