Microsoft Visual Studio Solution File, Format Version 7.00
Project("{FAE04EC0-301F-11D3-BF4B-00C04F79EFBC}") = "Layout", "Layout.csproj", "{083A2E19-FAD8-428B-9B9F-9FE54818E468}"
EndProject
Global
	GlobalSection(SolutionConfiguration) = preSolution
		ConfigName.0 = Debug
		ConfigName.1 = Release
	EndGlobalSection
	GlobalSection(ProjectDependencies) = postSolution
	EndGlobalSection
	GlobalSection(ProjectConfiguration) = postSolution
		{083A2E19-FAD8-428B-9B9F-9FE54818E468}.Debug.ActiveCfg = Debug|.NET
		{083A2E19-FAD8-428B-9B9F-9FE54818E468}.Debug.Build.0 = Debug|.NET
		{083A2E19-FAD8-428B-9B9F-9FE54818E468}.Release.ActiveCfg = Release|.NET
		{083A2E19-FAD8-428B-9B9F-9FE54818E468}.Release.Build.0 = Release|.NET
	EndGlobalSection
	GlobalSection(ExtensibilityGlobals) = postSolution
	EndGlobalSection
	GlobalSection(ExtensibilityAddIns) = postSolution
	EndGlobalSection
EndGlobal
