Microsoft Visual Studio Solution File, Format Version 8.00
Project("{FAE04EC0-301F-11D3-BF4B-00C04F79EFBC}") = "IEHistory", "IEHistory.csproj", "{0D1940AF-82CD-42E3-83B7-C0E3A81AAD8A}"
	ProjectSection(ProjectDependencies) = postProject
	EndProjectSection
EndProject
Global
	GlobalSection(SolutionConfiguration) = preSolution
		Debug = Debug
		Release = Release
	EndGlobalSection
	GlobalSection(ProjectConfiguration) = postSolution
		{0D1940AF-82CD-42E3-83B7-C0E3A81AAD8A}.Debug.ActiveCfg = Debug|.NET
		{0D1940AF-82CD-42E3-83B7-C0E3A81AAD8A}.Debug.Build.0 = Debug|.NET
		{0D1940AF-82CD-42E3-83B7-C0E3A81AAD8A}.Release.ActiveCfg = Release|.NET
		{0D1940AF-82CD-42E3-83B7-C0E3A81AAD8A}.Release.Build.0 = Release|.NET
	EndGlobalSection
	GlobalSection(ExtensibilityGlobals) = postSolution
	EndGlobalSection
	GlobalSection(ExtensibilityAddIns) = postSolution
	EndGlobalSection
EndGlobal
