Microsoft Visual Studio Solution File, Format Version 8.00
Project("{FAE04EC0-301F-11D3-BF4B-00C04F79EFBC}") = "Win32_LogicalDisk-1", "Win32_LogicalDisk-1.csproj", "{6789A1DD-B7B3-4561-B2E6-03135FB02137}"
	ProjectSection(ProjectDependencies) = postProject
	EndProjectSection
EndProject
Global
	GlobalSection(SolutionConfiguration) = preSolution
		Debug = Debug
		Release = Release
	EndGlobalSection
	GlobalSection(ProjectConfiguration) = postSolution
		{6789A1DD-B7B3-4561-B2E6-03135FB02137}.Debug.ActiveCfg = Debug|.NET
		{6789A1DD-B7B3-4561-B2E6-03135FB02137}.Debug.Build.0 = Debug|.NET
		{6789A1DD-B7B3-4561-B2E6-03135FB02137}.Release.ActiveCfg = Release|.NET
		{6789A1DD-B7B3-4561-B2E6-03135FB02137}.Release.Build.0 = Release|.NET
	EndGlobalSection
	GlobalSection(ExtensibilityGlobals) = postSolution
	EndGlobalSection
	GlobalSection(ExtensibilityAddIns) = postSolution
	EndGlobalSection
EndGlobal
