
Microsoft Visual Studio Solution File, Format Version 12.00
# Visual Studio 11
Project("{FAE04EC0-301F-11D3-BF4B-00C04F79EFBC}") = "LettersVersion02", "LettersVersion02\LettersVersion02.csproj", "{EA082586-B61F-4DDA-8949-68D5087B632D}"
EndProject
Global
	GlobalSection(SolutionConfigurationPlatforms) = preSolution
		Debug|Any CPU = Debug|Any CPU
		Release|Any CPU = Release|Any CPU
	EndGlobalSection
	GlobalSection(ProjectConfigurationPlatforms) = postSolution
		{EA082586-B61F-4DDA-8949-68D5087B632D}.Debug|Any CPU.ActiveCfg = Debug|Any CPU
		{EA082586-B61F-4DDA-8949-68D5087B632D}.Debug|Any CPU.Build.0 = Debug|Any CPU
		{EA082586-B61F-4DDA-8949-68D5087B632D}.Release|Any CPU.ActiveCfg = Release|Any CPU
		{EA082586-B61F-4DDA-8949-68D5087B632D}.Release|Any CPU.Build.0 = Release|Any CPU
	EndGlobalSection
	GlobalSection(SolutionProperties) = preSolution
		HideSolutionNode = FALSE
	EndGlobalSection
EndGlobal
