Microsoft Visual Studio Solution File, Format Version 7.00
Project("{FAE04EC0-301F-11D3-BF4B-00C04F79EFBC}") = "Jagged", "Jagged.csproj", "{42D917DE-9D1D-48FA-8A45-B072E09D65E0}"
EndProject
Global
	GlobalSection(SolutionConfiguration) = preSolution
		ConfigName.0 = Debug
		ConfigName.1 = Release
	EndGlobalSection
	GlobalSection(ProjectDependencies) = postSolution
	EndGlobalSection
	GlobalSection(ProjectConfiguration) = postSolution
		{42D917DE-9D1D-48FA-8A45-B072E09D65E0}.Debug.ActiveCfg = Debug|.NET
		{42D917DE-9D1D-48FA-8A45-B072E09D65E0}.Debug.Build.0 = Debug|.NET
		{42D917DE-9D1D-48FA-8A45-B072E09D65E0}.Release.ActiveCfg = Release|.NET
		{42D917DE-9D1D-48FA-8A45-B072E09D65E0}.Release.Build.0 = Release|.NET
	EndGlobalSection
	GlobalSection(ExtensibilityGlobals) = postSolution
	EndGlobalSection
	GlobalSection(ExtensibilityAddIns) = postSolution
	EndGlobalSection
EndGlobal
