
Microsoft Visual Studio Solution File, Format Version 11.00
# Visual Studio 2010
Project("{FAE04EC0-301F-11D3-BF4B-00C04F79EFBC}") = "TestLibrary", "TestLibrary\TestLibrary.csproj", "{9680E12B-8FB9-4B9A-9304-68160058C966}"
EndProject
Project("{FAE04EC0-301F-11D3-BF4B-00C04F79EFBC}") = "TestProjforTestingApp", "TestProjforTestingApp\TestProjforTestingApp.csproj", "{2230D461-26C4-482F-BA51-6A18BA5313C6}"
EndProject
Project("{2150E333-8FDC-42A3-9474-1A3956D46DE8}") = "Solution Items", "Solution Items", "{42F904AF-D019-4B9C-87B1-1AD7A87F2ACB}"
	ProjectSection(SolutionItems) = preProject
		Local.testsettings = Local.testsettings
		TestLibrary.vsmdi = TestLibrary.vsmdi
		TraceAndTestImpact.testsettings = TraceAndTestImpact.testsettings
	EndProjectSection
EndProject
Global
	GlobalSection(TestCaseManagementSettings) = postSolution
		CategoryFile = TestLibrary.vsmdi
	EndGlobalSection
	GlobalSection(SolutionConfigurationPlatforms) = preSolution
		Debug|Any CPU = Debug|Any CPU
		Release|Any CPU = Release|Any CPU
	EndGlobalSection
	GlobalSection(ProjectConfigurationPlatforms) = postSolution
		{9680E12B-8FB9-4B9A-9304-68160058C966}.Debug|Any CPU.ActiveCfg = Debug|Any CPU
		{9680E12B-8FB9-4B9A-9304-68160058C966}.Debug|Any CPU.Build.0 = Debug|Any CPU
		{9680E12B-8FB9-4B9A-9304-68160058C966}.Release|Any CPU.ActiveCfg = Release|Any CPU
		{9680E12B-8FB9-4B9A-9304-68160058C966}.Release|Any CPU.Build.0 = Release|Any CPU
		{2230D461-26C4-482F-BA51-6A18BA5313C6}.Debug|Any CPU.ActiveCfg = Debug|Any CPU
		{2230D461-26C4-482F-BA51-6A18BA5313C6}.Debug|Any CPU.Build.0 = Debug|Any CPU
		{2230D461-26C4-482F-BA51-6A18BA5313C6}.Release|Any CPU.ActiveCfg = Release|Any CPU
		{2230D461-26C4-482F-BA51-6A18BA5313C6}.Release|Any CPU.Build.0 = Release|Any CPU
	EndGlobalSection
	GlobalSection(SolutionProperties) = preSolution
		HideSolutionNode = FALSE
	EndGlobalSection
EndGlobal
