Microsoft Visual Studio Solution File, Format Version 8.00
Project("{FAE04EC0-301F-11D3-BF4B-00C04F79EFBC}") = "ConsoleApplication30", "ConsoleApplication30.csproj", "{214E3D40-E2C7-4C63-B3AD-0829FC3C6E88}"
	ProjectSection(ProjectDependencies) = postProject
	EndProjectSection
EndProject
Global
	GlobalSection(SolutionConfiguration) = preSolution
		Debug = Debug
		Release = Release
	EndGlobalSection
	GlobalSection(ProjectConfiguration) = postSolution
		{214E3D40-E2C7-4C63-B3AD-0829FC3C6E88}.Debug.ActiveCfg = Debug|.NET
		{214E3D40-E2C7-4C63-B3AD-0829FC3C6E88}.Debug.Build.0 = Debug|.NET
		{214E3D40-E2C7-4C63-B3AD-0829FC3C6E88}.Release.ActiveCfg = Release|.NET
		{214E3D40-E2C7-4C63-B3AD-0829FC3C6E88}.Release.Build.0 = Release|.NET
	EndGlobalSection
	GlobalSection(ExtensibilityGlobals) = postSolution
	EndGlobalSection
	GlobalSection(ExtensibilityAddIns) = postSolution
	EndGlobalSection
EndGlobal
