Microsoft Visual Studio Solution File, Format Version 7.00
Project("{FAE04EC0-301F-11D3-BF4B-00C04F79EFBC}") = "Modal", "Modal.csproj", "{795E062A-4936-4A56-A513-6E19DEFDF99C}"
EndProject
Global
	GlobalSection(SolutionConfiguration) = preSolution
		ConfigName.0 = Debug
		ConfigName.1 = Release
	EndGlobalSection
	GlobalSection(ProjectDependencies) = postSolution
	EndGlobalSection
	GlobalSection(ProjectConfiguration) = postSolution
		{795E062A-4936-4A56-A513-6E19DEFDF99C}.Debug.ActiveCfg = Debug|.NET
		{795E062A-4936-4A56-A513-6E19DEFDF99C}.Debug.Build.0 = Debug|.NET
		{795E062A-4936-4A56-A513-6E19DEFDF99C}.Release.ActiveCfg = Release|.NET
		{795E062A-4936-4A56-A513-6E19DEFDF99C}.Release.Build.0 = Release|.NET
	EndGlobalSection
	GlobalSection(ExtensibilityGlobals) = postSolution
	EndGlobalSection
	GlobalSection(ExtensibilityAddIns) = postSolution
	EndGlobalSection
EndGlobal
