Microsoft Visual Studio Solution File, Format Version 8.00
Project("{FAE04EC0-301F-11D3-BF4B-00C04F79EFBC}") = "GetFrameworkPathApplication", "GetFrameworkPathApplication.csproj", "{C04654F5-D5D2-458C-9617-90D08994144C}"
	ProjectSection(ProjectDependencies) = postProject
	EndProjectSection
EndProject
Global
	GlobalSection(SolutionConfiguration) = preSolution
		Debug = Debug
		Release = Release
	EndGlobalSection
	GlobalSection(ProjectConfiguration) = postSolution
		{C04654F5-D5D2-458C-9617-90D08994144C}.Debug.ActiveCfg = Debug|.NET
		{C04654F5-D5D2-458C-9617-90D08994144C}.Debug.Build.0 = Debug|.NET
		{C04654F5-D5D2-458C-9617-90D08994144C}.Release.ActiveCfg = Release|.NET
		{C04654F5-D5D2-458C-9617-90D08994144C}.Release.Build.0 = Release|.NET
	EndGlobalSection
	GlobalSection(ExtensibilityGlobals) = postSolution
	EndGlobalSection
	GlobalSection(ExtensibilityAddIns) = postSolution
	EndGlobalSection
EndGlobal
