Microsoft Visual Studio Solution File, Format Version 7.00
Project("{FAE04EC0-301F-11D3-BF4B-00C04F79EFBC}") = "Inherit", "Inherit.csproj", "{27F96388-5719-49A0-9B1E-25AB8FA5D2FE}"
EndProject
Global
	GlobalSection(SolutionConfiguration) = preSolution
		ConfigName.0 = Debug
		ConfigName.1 = Release
	EndGlobalSection
	GlobalSection(ProjectDependencies) = postSolution
	EndGlobalSection
	GlobalSection(ProjectConfiguration) = postSolution
		{27F96388-5719-49A0-9B1E-25AB8FA5D2FE}.Debug.ActiveCfg = Debug|.NET
		{27F96388-5719-49A0-9B1E-25AB8FA5D2FE}.Debug.Build.0 = Debug|.NET
		{27F96388-5719-49A0-9B1E-25AB8FA5D2FE}.Release.ActiveCfg = Release|.NET
		{27F96388-5719-49A0-9B1E-25AB8FA5D2FE}.Release.Build.0 = Release|.NET
	EndGlobalSection
	GlobalSection(ExtensibilityGlobals) = postSolution
	EndGlobalSection
	GlobalSection(ExtensibilityAddIns) = postSolution
	EndGlobalSection
EndGlobal
