
Microsoft Visual Studio Solution File, Format Version 10.00
# Visual C# Express 2008
Project("{FAE04EC0-301F-11D3-BF4B-00C04F79EFBC}") = "Ch12GenericQuickSort", "Ch12GenericQuickSort\Ch12GenericQuickSort.csproj", "{8A342218-6C6B-4B51-8411-FBF504352EE4}"
EndProject
Global
	GlobalSection(SolutionConfigurationPlatforms) = preSolution
		Debug|Any CPU = Debug|Any CPU
		Release|Any CPU = Release|Any CPU
	EndGlobalSection
	GlobalSection(ProjectConfigurationPlatforms) = postSolution
		{8A342218-6C6B-4B51-8411-FBF504352EE4}.Debug|Any CPU.ActiveCfg = Debug|Any CPU
		{8A342218-6C6B-4B51-8411-FBF504352EE4}.Debug|Any CPU.Build.0 = Debug|Any CPU
		{8A342218-6C6B-4B51-8411-FBF504352EE4}.Release|Any CPU.ActiveCfg = Release|Any CPU
		{8A342218-6C6B-4B51-8411-FBF504352EE4}.Release|Any CPU.Build.0 = Release|Any CPU
	EndGlobalSection
	GlobalSection(SolutionProperties) = preSolution
		HideSolutionNode = FALSE
	EndGlobalSection
EndGlobal
