Microsoft Visual Studio Solution File, Format Version 8.00
Project("{FAE04EC0-301F-11D3-BF4B-00C04F79EFBC}") = "Win32MessageFilter", "Win32MessageFilter.csproj", "{9A838F5B-7B4C-4F6E-8236-9324AAA95821}"
	ProjectSection(ProjectDependencies) = postProject
	EndProjectSection
EndProject
Global
	GlobalSection(SolutionConfiguration) = preSolution
		Debug = Debug
		Release = Release
	EndGlobalSection
	GlobalSection(ProjectConfiguration) = postSolution
		{9A838F5B-7B4C-4F6E-8236-9324AAA95821}.Debug.ActiveCfg = Debug|.NET
		{9A838F5B-7B4C-4F6E-8236-9324AAA95821}.Debug.Build.0 = Debug|.NET
		{9A838F5B-7B4C-4F6E-8236-9324AAA95821}.Release.ActiveCfg = Release|.NET
		{9A838F5B-7B4C-4F6E-8236-9324AAA95821}.Release.Build.0 = Release|.NET
	EndGlobalSection
	GlobalSection(ExtensibilityGlobals) = postSolution
	EndGlobalSection
	GlobalSection(ExtensibilityAddIns) = postSolution
	EndGlobalSection
EndGlobal
