Microsoft Visual Studio Solution File, Format Version 7.00
Project("{FAE04EC0-301F-11D3-BF4B-00C04F79EFBC}") = "Destruct", "Destruct.csproj", "{A61952E8-B47D-44E7-AA95-BAE8440D4140}"
EndProject
Global
	GlobalSection(SolutionConfiguration) = preSolution
		ConfigName.0 = Debug
		ConfigName.1 = Release
	EndGlobalSection
	GlobalSection(ProjectDependencies) = postSolution
	EndGlobalSection
	GlobalSection(ProjectConfiguration) = postSolution
		{A61952E8-B47D-44E7-AA95-BAE8440D4140}.Debug.ActiveCfg = Debug|.NET
		{A61952E8-B47D-44E7-AA95-BAE8440D4140}.Debug.Build.0 = Debug|.NET
		{A61952E8-B47D-44E7-AA95-BAE8440D4140}.Release.ActiveCfg = Release|.NET
		{A61952E8-B47D-44E7-AA95-BAE8440D4140}.Release.Build.0 = Release|.NET
	EndGlobalSection
	GlobalSection(ExtensibilityGlobals) = postSolution
	EndGlobalSection
	GlobalSection(ExtensibilityAddIns) = postSolution
	EndGlobalSection
EndGlobal
