
Microsoft Visual Studio Solution File, Format Version 12.00
# Visual Studio 2012
Project("{FAE04EC0-301F-11D3-BF4B-00C04F79EFBC}") = "RandomNumbers", "RandomNumbers\RandomNumbers.csproj", "{2475FDB1-A6BD-426B-AF3D-1A3AA36563B2}"
EndProject
Global
	GlobalSection(SolutionConfigurationPlatforms) = preSolution
		Debug|Any CPU = Debug|Any CPU
		Release|Any CPU = Release|Any CPU
	EndGlobalSection
	GlobalSection(ProjectConfigurationPlatforms) = postSolution
		{2475FDB1-A6BD-426B-AF3D-1A3AA36563B2}.Debug|Any CPU.ActiveCfg = Debug|Any CPU
		{2475FDB1-A6BD-426B-AF3D-1A3AA36563B2}.Debug|Any CPU.Build.0 = Debug|Any CPU
		{2475FDB1-A6BD-426B-AF3D-1A3AA36563B2}.Release|Any CPU.ActiveCfg = Release|Any CPU
		{2475FDB1-A6BD-426B-AF3D-1A3AA36563B2}.Release|Any CPU.Build.0 = Release|Any CPU
	EndGlobalSection
	GlobalSection(SolutionProperties) = preSolution
		HideSolutionNode = FALSE
	EndGlobalSection
EndGlobal
