
Microsoft Visual Studio Solution File, Format Version 12.00
# Visual Studio 14
VisualStudioVersion = 14.0.25123.0
MinimumVisualStudioVersion = 10.0.40219.1
Project("{8BB2217D-0F2D-49D1-97BC-3654ED321F3B}") = "Adapter", "Adapter\Adapter.xproj", "{49AA3C3D-AF69-414C-BAA3-746BDBC9ACD1}"
EndProject
Project("{8BB2217D-0F2D-49D1-97BC-3654ED321F3B}") = "Bridge", "Bridge\Bridge.xproj", "{5C4CF2EF-C852-486B-9557-F1284E6C8EF4}"
EndProject
Project("{8BB2217D-0F2D-49D1-97BC-3654ED321F3B}") = "Composite", "Composite\Composite.xproj", "{2D02DBBF-5DE0-4B06-A105-AF16040BABC4}"
EndProject
Project("{8BB2217D-0F2D-49D1-97BC-3654ED321F3B}") = "Decorator", "Decorator\Decorator.xproj", "{0ECE76B3-97AE-4D4A-AAF9-64F272E2B7DC}"
EndProject
Global
	GlobalSection(SolutionConfigurationPlatforms) = preSolution
		Debug|Any CPU = Debug|Any CPU
		Release|Any CPU = Release|Any CPU
	EndGlobalSection
	GlobalSection(ProjectConfigurationPlatforms) = postSolution
		{49AA3C3D-AF69-414C-BAA3-746BDBC9ACD1}.Debug|Any CPU.ActiveCfg = Debug|Any CPU
		{49AA3C3D-AF69-414C-BAA3-746BDBC9ACD1}.Debug|Any CPU.Build.0 = Debug|Any CPU
		{49AA3C3D-AF69-414C-BAA3-746BDBC9ACD1}.Release|Any CPU.ActiveCfg = Release|Any CPU
		{49AA3C3D-AF69-414C-BAA3-746BDBC9ACD1}.Release|Any CPU.Build.0 = Release|Any CPU
		{5C4CF2EF-C852-486B-9557-F1284E6C8EF4}.Debug|Any CPU.ActiveCfg = Debug|Any CPU
		{5C4CF2EF-C852-486B-9557-F1284E6C8EF4}.Debug|Any CPU.Build.0 = Debug|Any CPU
		{5C4CF2EF-C852-486B-9557-F1284E6C8EF4}.Release|Any CPU.ActiveCfg = Release|Any CPU
		{5C4CF2EF-C852-486B-9557-F1284E6C8EF4}.Release|Any CPU.Build.0 = Release|Any CPU
		{2D02DBBF-5DE0-4B06-A105-AF16040BABC4}.Debug|Any CPU.ActiveCfg = Debug|Any CPU
		{2D02DBBF-5DE0-4B06-A105-AF16040BABC4}.Debug|Any CPU.Build.0 = Debug|Any CPU
		{2D02DBBF-5DE0-4B06-A105-AF16040BABC4}.Release|Any CPU.ActiveCfg = Release|Any CPU
		{2D02DBBF-5DE0-4B06-A105-AF16040BABC4}.Release|Any CPU.Build.0 = Release|Any CPU
		{0ECE76B3-97AE-4D4A-AAF9-64F272E2B7DC}.Debug|Any CPU.ActiveCfg = Debug|Any CPU
		{0ECE76B3-97AE-4D4A-AAF9-64F272E2B7DC}.Debug|Any CPU.Build.0 = Debug|Any CPU
		{0ECE76B3-97AE-4D4A-AAF9-64F272E2B7DC}.Release|Any CPU.ActiveCfg = Release|Any CPU
		{0ECE76B3-97AE-4D4A-AAF9-64F272E2B7DC}.Release|Any CPU.Build.0 = Release|Any CPU
	EndGlobalSection
	GlobalSection(SolutionProperties) = preSolution
		HideSolutionNode = FALSE
	EndGlobalSection
EndGlobal
