
Microsoft Visual Studio Solution File, Format Version 12.00
# Visual Studio 14
VisualStudioVersion = 14.0.25123.0
MinimumVisualStudioVersion = 10.0.40219.1
Project("{8BB2217D-0F2D-49D1-97BC-3654ED321F3B}") = "SRP", "SRP\SRP.xproj", "{462B43D9-4A0D-4BAC-BDB0-7C1C17AC508D}"
EndProject
Project("{8BB2217D-0F2D-49D1-97BC-3654ED321F3B}") = "OCP", "OCP\OCP.xproj", "{D1D2A594-7117-4925-8310-ECCFC03466A6}"
EndProject
Project("{8BB2217D-0F2D-49D1-97BC-3654ED321F3B}") = "LSP", "LSP\LSP.xproj", "{0BF1D627-1A08-48C9-808D-D0289D7CE3CB}"
EndProject
Project("{8BB2217D-0F2D-49D1-97BC-3654ED321F3B}") = "ISP", "ISP\ISP.xproj", "{9EADBAB6-20A5-4557-9EB8-061938042F8B}"
EndProject
Project("{8BB2217D-0F2D-49D1-97BC-3654ED321F3B}") = "DIP", "DIP\DIP.xproj", "{CA0CB0A6-97C4-4AE0-8B49-08BD95D946C2}"
EndProject
Global
	GlobalSection(SolutionConfigurationPlatforms) = preSolution
		Debug|Any CPU = Debug|Any CPU
		Release|Any CPU = Release|Any CPU
	EndGlobalSection
	GlobalSection(ProjectConfigurationPlatforms) = postSolution
		{462B43D9-4A0D-4BAC-BDB0-7C1C17AC508D}.Debug|Any CPU.ActiveCfg = Debug|Any CPU
		{462B43D9-4A0D-4BAC-BDB0-7C1C17AC508D}.Debug|Any CPU.Build.0 = Debug|Any CPU
		{462B43D9-4A0D-4BAC-BDB0-7C1C17AC508D}.Release|Any CPU.ActiveCfg = Release|Any CPU
		{462B43D9-4A0D-4BAC-BDB0-7C1C17AC508D}.Release|Any CPU.Build.0 = Release|Any CPU
		{D1D2A594-7117-4925-8310-ECCFC03466A6}.Debug|Any CPU.ActiveCfg = Debug|Any CPU
		{D1D2A594-7117-4925-8310-ECCFC03466A6}.Debug|Any CPU.Build.0 = Debug|Any CPU
		{D1D2A594-7117-4925-8310-ECCFC03466A6}.Release|Any CPU.ActiveCfg = Release|Any CPU
		{D1D2A594-7117-4925-8310-ECCFC03466A6}.Release|Any CPU.Build.0 = Release|Any CPU
		{0BF1D627-1A08-48C9-808D-D0289D7CE3CB}.Debug|Any CPU.ActiveCfg = Debug|Any CPU
		{0BF1D627-1A08-48C9-808D-D0289D7CE3CB}.Debug|Any CPU.Build.0 = Debug|Any CPU
		{0BF1D627-1A08-48C9-808D-D0289D7CE3CB}.Release|Any CPU.ActiveCfg = Release|Any CPU
		{0BF1D627-1A08-48C9-808D-D0289D7CE3CB}.Release|Any CPU.Build.0 = Release|Any CPU
		{9EADBAB6-20A5-4557-9EB8-061938042F8B}.Debug|Any CPU.ActiveCfg = Debug|Any CPU
		{9EADBAB6-20A5-4557-9EB8-061938042F8B}.Debug|Any CPU.Build.0 = Debug|Any CPU
		{9EADBAB6-20A5-4557-9EB8-061938042F8B}.Release|Any CPU.ActiveCfg = Release|Any CPU
		{9EADBAB6-20A5-4557-9EB8-061938042F8B}.Release|Any CPU.Build.0 = Release|Any CPU
		{CA0CB0A6-97C4-4AE0-8B49-08BD95D946C2}.Debug|Any CPU.ActiveCfg = Debug|Any CPU
		{CA0CB0A6-97C4-4AE0-8B49-08BD95D946C2}.Debug|Any CPU.Build.0 = Debug|Any CPU
		{CA0CB0A6-97C4-4AE0-8B49-08BD95D946C2}.Release|Any CPU.ActiveCfg = Release|Any CPU
		{CA0CB0A6-97C4-4AE0-8B49-08BD95D946C2}.Release|Any CPU.Build.0 = Release|Any CPU
	EndGlobalSection
	GlobalSection(SolutionProperties) = preSolution
		HideSolutionNode = FALSE
	EndGlobalSection
EndGlobal
