Microsoft Visual Studio Solution File, Format Version 7.00
Project("{FAE04EC0-301F-11D3-BF4B-00C04F79EFBC}") = "MultiDim", "MultiDim.csproj", "{D988891C-4A97-4729-A9DD-BC3193915888}"
EndProject
Global
	GlobalSection(SolutionConfiguration) = preSolution
		ConfigName.0 = Debug
		ConfigName.1 = Release
	EndGlobalSection
	GlobalSection(ProjectDependencies) = postSolution
	EndGlobalSection
	GlobalSection(ProjectConfiguration) = postSolution
		{D988891C-4A97-4729-A9DD-BC3193915888}.Debug.ActiveCfg = Debug|.NET
		{D988891C-4A97-4729-A9DD-BC3193915888}.Debug.Build.0 = Debug|.NET
		{D988891C-4A97-4729-A9DD-BC3193915888}.Release.ActiveCfg = Release|.NET
		{D988891C-4A97-4729-A9DD-BC3193915888}.Release.Build.0 = Release|.NET
	EndGlobalSection
	GlobalSection(ExtensibilityGlobals) = postSolution
	EndGlobalSection
	GlobalSection(ExtensibilityAddIns) = postSolution
	EndGlobalSection
EndGlobal
