Microsoft Visual Studio Solution File, Format Version 7.00
Project("{FAE04EC0-301F-11D3-BF4B-00C04F79EFBC}") = "Method", "Method.csproj", "{F48E9635-8954-4B1F-A779-6B64A35F5340}"
EndProject
Global
	GlobalSection(SolutionConfiguration) = preSolution
		ConfigName.0 = Debug
		ConfigName.1 = Release
	EndGlobalSection
	GlobalSection(ProjectDependencies) = postSolution
	EndGlobalSection
	GlobalSection(ProjectConfiguration) = postSolution
		{F48E9635-8954-4B1F-A779-6B64A35F5340}.Debug.ActiveCfg = Debug|.NET
		{F48E9635-8954-4B1F-A779-6B64A35F5340}.Debug.Build.0 = Debug|.NET
		{F48E9635-8954-4B1F-A779-6B64A35F5340}.Release.ActiveCfg = Release|.NET
		{F48E9635-8954-4B1F-A779-6B64A35F5340}.Release.Build.0 = Release|.NET
	EndGlobalSection
	GlobalSection(ExtensibilityGlobals) = postSolution
	EndGlobalSection
	GlobalSection(ExtensibilityAddIns) = postSolution
	EndGlobalSection
EndGlobal
