
Microsoft Visual Studio Solution File, Format Version 12.00
# Visual Studio 11
Project("{FAE04EC0-301F-11D3-BF4B-00C04F79EFBC}") = "Ch13ErrorLog", "Ch13ErrorLog\Ch13ErrorLog.csproj", "{06B45917-057D-42E6-A809-85DDE55A248B}"
EndProject
Global
	GlobalSection(SolutionConfigurationPlatforms) = preSolution
		Debug|Any CPU = Debug|Any CPU
		Release|Any CPU = Release|Any CPU
	EndGlobalSection
	GlobalSection(ProjectConfigurationPlatforms) = postSolution
		{06B45917-057D-42E6-A809-85DDE55A248B}.Debug|Any CPU.ActiveCfg = Debug|Any CPU
		{06B45917-057D-42E6-A809-85DDE55A248B}.Debug|Any CPU.Build.0 = Debug|Any CPU
		{06B45917-057D-42E6-A809-85DDE55A248B}.Release|Any CPU.ActiveCfg = Release|Any CPU
		{06B45917-057D-42E6-A809-85DDE55A248B}.Release|Any CPU.Build.0 = Release|Any CPU
	EndGlobalSection
	GlobalSection(SolutionProperties) = preSolution
		HideSolutionNode = FALSE
	EndGlobalSection
EndGlobal
