Microsoft Visual Studio Solution File, Format Version 7.00
Project("{FAE04EC0-301F-11D3-BF4B-00C04F79EFBC}") = "MyWebApplication", "http://mobile_1/MyWebApplication/MyWebApplication.csproj", "{FE467563-6930-491D-91FE-AE8D853CDA65}"
EndProject
Global
	GlobalSection(SolutionConfiguration) = preSolution
		ConfigName.0 = Debug
		ConfigName.1 = Release
	EndGlobalSection
	GlobalSection(ProjectDependencies) = postSolution
	EndGlobalSection
	GlobalSection(ProjectConfiguration) = postSolution
		{FE467563-6930-491D-91FE-AE8D853CDA65}.Debug.ActiveCfg = Debug|.NET
		{FE467563-6930-491D-91FE-AE8D853CDA65}.Debug.Build.0 = Debug|.NET
		{FE467563-6930-491D-91FE-AE8D853CDA65}.Release.ActiveCfg = Release|.NET
		{FE467563-6930-491D-91FE-AE8D853CDA65}.Release.Build.0 = Release|.NET
	EndGlobalSection
	GlobalSection(ExtensibilityGlobals) = postSolution
	EndGlobalSection
	GlobalSection(ExtensibilityAddIns) = postSolution
	EndGlobalSection
EndGlobal
