Microsoft Visual Studio Solution File, Format Version 8.00
Project("{FAE04EC0-301F-11D3-BF4B-00C04F79EFBC}") = "DataGridDisableCell", "DataGridDisableCell.csproj", "{33B5E30A-A6EA-4B64-AF2E-7AFBB59C5386}"
	ProjectSection(ProjectDependencies) = postProject
	EndProjectSection
EndProject
Global
	GlobalSection(SolutionConfiguration) = preSolution
		Debug = Debug
		Release = Release
	EndGlobalSection
	GlobalSection(ProjectConfiguration) = postSolution
		{33B5E30A-A6EA-4B64-AF2E-7AFBB59C5386}.Debug.ActiveCfg = Debug|.NET
		{33B5E30A-A6EA-4B64-AF2E-7AFBB59C5386}.Debug.Build.0 = Debug|.NET
		{33B5E30A-A6EA-4B64-AF2E-7AFBB59C5386}.Release.ActiveCfg = Release|.NET
		{33B5E30A-A6EA-4B64-AF2E-7AFBB59C5386}.Release.Build.0 = Release|.NET
	EndGlobalSection
	GlobalSection(ExtensibilityGlobals) = postSolution
	EndGlobalSection
	GlobalSection(ExtensibilityAddIns) = postSolution
	EndGlobalSection
EndGlobal
