Microsoft Visual Studio Solution File, Format Version 8.00
Project("{FAE04EC0-301F-11D3-BF4B-00C04F79EFBC}") = "ConsoleApplication47", "ConsoleApplication47.csproj", "{588AB7CD-6B48-4C80-8E6D-9676BF74750B}"
	ProjectSection(ProjectDependencies) = postProject
	EndProjectSection
EndProject
Global
	GlobalSection(SolutionConfiguration) = preSolution
		Debug = Debug
		Release = Release
	EndGlobalSection
	GlobalSection(ProjectConfiguration) = postSolution
		{588AB7CD-6B48-4C80-8E6D-9676BF74750B}.Debug.ActiveCfg = Debug|.NET
		{588AB7CD-6B48-4C80-8E6D-9676BF74750B}.Debug.Build.0 = Debug|.NET
		{588AB7CD-6B48-4C80-8E6D-9676BF74750B}.Release.ActiveCfg = Release|.NET
		{588AB7CD-6B48-4C80-8E6D-9676BF74750B}.Release.Build.0 = Release|.NET
	EndGlobalSection
	GlobalSection(ExtensibilityGlobals) = postSolution
	EndGlobalSection
	GlobalSection(ExtensibilityAddIns) = postSolution
	EndGlobalSection
EndGlobal
