Microsoft Visual Studio Solution File, Format Version 8.00
Project("{FAE04EC0-301F-11D3-BF4B-00C04F79EFBC}") = "UnhandledExceptionTest", "UnhandledExceptionTest.csproj", "{1478A6AC-4629-49C9-A372-72B252C35453}"
	ProjectSection(ProjectDependencies) = postProject
	EndProjectSection
EndProject
Global
	GlobalSection(SolutionConfiguration) = preSolution
		Debug = Debug
		Release = Release
	EndGlobalSection
	GlobalSection(ProjectConfiguration) = postSolution
		{1478A6AC-4629-49C9-A372-72B252C35453}.Debug.ActiveCfg = Debug|.NET
		{1478A6AC-4629-49C9-A372-72B252C35453}.Debug.Build.0 = Debug|.NET
		{1478A6AC-4629-49C9-A372-72B252C35453}.Release.ActiveCfg = Release|.NET
		{1478A6AC-4629-49C9-A372-72B252C35453}.Release.Build.0 = Release|.NET
	EndGlobalSection
	GlobalSection(ExtensibilityGlobals) = postSolution
	EndGlobalSection
	GlobalSection(ExtensibilityAddIns) = postSolution
	EndGlobalSection
EndGlobal
