Microsoft Visual Studio Solution File, Format Version 8.00
Project("{FAE04EC0-301F-11D3-BF4B-00C04F79EFBC}") = "WinServiceManagement", "WinServiceManagement.csproj", "{D7DF1455-BA99-4971-9AE1-6CE26AB4F3F4}"
	ProjectSection(ProjectDependencies) = postProject
	EndProjectSection
EndProject
Global
	GlobalSection(SolutionConfiguration) = preSolution
		Debug = Debug
		Release = Release
	EndGlobalSection
	GlobalSection(ProjectConfiguration) = postSolution
		{D7DF1455-BA99-4971-9AE1-6CE26AB4F3F4}.Debug.ActiveCfg = Debug|.NET
		{D7DF1455-BA99-4971-9AE1-6CE26AB4F3F4}.Debug.Build.0 = Debug|.NET
		{D7DF1455-BA99-4971-9AE1-6CE26AB4F3F4}.Release.ActiveCfg = Release|.NET
		{D7DF1455-BA99-4971-9AE1-6CE26AB4F3F4}.Release.Build.0 = Release|.NET
	EndGlobalSection
	GlobalSection(ExtensibilityGlobals) = postSolution
	EndGlobalSection
	GlobalSection(ExtensibilityAddIns) = postSolution
	EndGlobalSection
EndGlobal
