Microsoft Visual Studio Solution File, Format Version 7.00
Project("{FAE04EC0-301F-11D3-BF4B-00C04F79EFBC}") = "Boolean", "Boolean.csproj", "{E3EB536E-D0FC-4C5C-972D-A92E8838D409}"
EndProject
Global
	GlobalSection(SolutionConfiguration) = preSolution
		ConfigName.0 = Debug
		ConfigName.1 = Release
	EndGlobalSection
	GlobalSection(ProjectDependencies) = postSolution
	EndGlobalSection
	GlobalSection(ProjectConfiguration) = postSolution
		{E3EB536E-D0FC-4C5C-972D-A92E8838D409}.Debug.ActiveCfg = Debug|.NET
		{E3EB536E-D0FC-4C5C-972D-A92E8838D409}.Debug.Build.0 = Debug|.NET
		{E3EB536E-D0FC-4C5C-972D-A92E8838D409}.Release.ActiveCfg = Release|.NET
		{E3EB536E-D0FC-4C5C-972D-A92E8838D409}.Release.Build.0 = Release|.NET
	EndGlobalSection
	GlobalSection(ExtensibilityGlobals) = postSolution
	EndGlobalSection
	GlobalSection(ExtensibilityAddIns) = postSolution
	EndGlobalSection
EndGlobal
