Microsoft Visual Studio Solution File, Format Version 8.00
Project("{FAE04EC0-301F-11D3-BF4B-00C04F79EFBC}") = "HopCount", "HopCount.csproj", "{44762036-DF66-4C20-8A21-2906A1EF1CA0}"
	ProjectSection(ProjectDependencies) = postProject
	EndProjectSection
EndProject
Global
	GlobalSection(SolutionConfiguration) = preSolution
		Debug = Debug
		Release = Release
	EndGlobalSection
	GlobalSection(ProjectConfiguration) = postSolution
		{44762036-DF66-4C20-8A21-2906A1EF1CA0}.Debug.ActiveCfg = Debug|.NET
		{44762036-DF66-4C20-8A21-2906A1EF1CA0}.Debug.Build.0 = Debug|.NET
		{44762036-DF66-4C20-8A21-2906A1EF1CA0}.Release.ActiveCfg = Release|.NET
		{44762036-DF66-4C20-8A21-2906A1EF1CA0}.Release.Build.0 = Release|.NET
	EndGlobalSection
	GlobalSection(ExtensibilityGlobals) = postSolution
	EndGlobalSection
	GlobalSection(ExtensibilityAddIns) = postSolution
	EndGlobalSection
EndGlobal
