Microsoft Visual Studio Solution File, Format Version 7.00
Project("{FAE04EC0-301F-11D3-BF4B-00C04F79EFBC}") = "Sort", "Sort.csproj", "{3E457BF0-B254-4ED8-B48C-C43ED7E9A0ED}"
EndProject
Global
	GlobalSection(SolutionConfiguration) = preSolution
		ConfigName.0 = Debug
		ConfigName.1 = Release
	EndGlobalSection
	GlobalSection(ProjectDependencies) = postSolution
	EndGlobalSection
	GlobalSection(ProjectConfiguration) = postSolution
		{3E457BF0-B254-4ED8-B48C-C43ED7E9A0ED}.Debug.ActiveCfg = Debug|.NET
		{3E457BF0-B254-4ED8-B48C-C43ED7E9A0ED}.Debug.Build.0 = Debug|.NET
		{3E457BF0-B254-4ED8-B48C-C43ED7E9A0ED}.Release.ActiveCfg = Release|.NET
		{3E457BF0-B254-4ED8-B48C-C43ED7E9A0ED}.Release.Build.0 = Release|.NET
	EndGlobalSection
	GlobalSection(ExtensibilityGlobals) = postSolution
	EndGlobalSection
	GlobalSection(ExtensibilityAddIns) = postSolution
	EndGlobalSection
EndGlobal
