Microsoft Visual Studio Solution File, Format Version 7.00
Project("{FAE04EC0-301F-11D3-BF4B-00C04F79EFBC}") = "First", "First.csproj", "{C7E0093F-8C64-4D7D-9B16-BAB4D3CB44EB}"
EndProject
Global
	GlobalSection(SolutionConfiguration) = preSolution
		ConfigName.0 = Debug
		ConfigName.1 = Release
	EndGlobalSection
	GlobalSection(ProjectDependencies) = postSolution
	EndGlobalSection
	GlobalSection(ProjectConfiguration) = postSolution
		{C7E0093F-8C64-4D7D-9B16-BAB4D3CB44EB}.Debug.ActiveCfg = Debug|.NET
		{C7E0093F-8C64-4D7D-9B16-BAB4D3CB44EB}.Debug.Build.0 = Debug|.NET
		{C7E0093F-8C64-4D7D-9B16-BAB4D3CB44EB}.Release.ActiveCfg = Release|.NET
		{C7E0093F-8C64-4D7D-9B16-BAB4D3CB44EB}.Release.Build.0 = Release|.NET
	EndGlobalSection
	GlobalSection(ExtensibilityGlobals) = postSolution
	EndGlobalSection
	GlobalSection(ExtensibilityAddIns) = postSolution
	EndGlobalSection
EndGlobal
