Microsoft Visual Studio Solution File, Format Version 7.00
Project("{FAE04EC0-301F-11D3-BF4B-00C04F79EFBC}") = "Event", "Event.csproj", "{D8C30CC8-D9F8-4741-9780-1F6054360A91}"
EndProject
Global
	GlobalSection(SolutionConfiguration) = preSolution
		ConfigName.0 = Debug
		ConfigName.1 = Release
	EndGlobalSection
	GlobalSection(ProjectDependencies) = postSolution
	EndGlobalSection
	GlobalSection(ProjectConfiguration) = postSolution
		{D8C30CC8-D9F8-4741-9780-1F6054360A91}.Debug.ActiveCfg = Debug|.NET
		{D8C30CC8-D9F8-4741-9780-1F6054360A91}.Debug.Build.0 = Debug|.NET
		{D8C30CC8-D9F8-4741-9780-1F6054360A91}.Release.ActiveCfg = Release|.NET
		{D8C30CC8-D9F8-4741-9780-1F6054360A91}.Release.Build.0 = Release|.NET
	EndGlobalSection
	GlobalSection(ExtensibilityGlobals) = postSolution
	EndGlobalSection
	GlobalSection(ExtensibilityAddIns) = postSolution
	EndGlobalSection
EndGlobal
