Microsoft Visual Studio Solution File, Format Version 8.00
Project("{FAE04EC0-301F-11D3-BF4B-00C04F79EFBC}") = "Win32_NetworkConnection", "Win32_NetworkConnection.csproj", "{817E7925-F12E-4AA5-98BB-ACF8DA84504A}"
	ProjectSection(ProjectDependencies) = postProject
	EndProjectSection
EndProject
Global
	GlobalSection(SolutionConfiguration) = preSolution
		Debug = Debug
		Release = Release
	EndGlobalSection
	GlobalSection(ProjectConfiguration) = postSolution
		{817E7925-F12E-4AA5-98BB-ACF8DA84504A}.Debug.ActiveCfg = Debug|.NET
		{817E7925-F12E-4AA5-98BB-ACF8DA84504A}.Debug.Build.0 = Debug|.NET
		{817E7925-F12E-4AA5-98BB-ACF8DA84504A}.Release.ActiveCfg = Release|.NET
		{817E7925-F12E-4AA5-98BB-ACF8DA84504A}.Release.Build.0 = Release|.NET
	EndGlobalSection
	GlobalSection(ExtensibilityGlobals) = postSolution
	EndGlobalSection
	GlobalSection(ExtensibilityAddIns) = postSolution
	EndGlobalSection
EndGlobal
