Microsoft Visual Studio Solution File, Format Version 7.00
Project("{FAE04EC0-301F-11D3-BF4B-00C04F79EFBC}") = "RefType", "RefType.csproj", "{8C9269D4-E6FC-4A36-9CA6-C881F9E57618}"
EndProject
Global
	GlobalSection(SolutionConfiguration) = preSolution
		ConfigName.0 = Debug
		ConfigName.1 = Release
	EndGlobalSection
	GlobalSection(ProjectDependencies) = postSolution
	EndGlobalSection
	GlobalSection(ProjectConfiguration) = postSolution
		{8C9269D4-E6FC-4A36-9CA6-C881F9E57618}.Debug.ActiveCfg = Debug|.NET
		{8C9269D4-E6FC-4A36-9CA6-C881F9E57618}.Debug.Build.0 = Debug|.NET
		{8C9269D4-E6FC-4A36-9CA6-C881F9E57618}.Release.ActiveCfg = Release|.NET
		{8C9269D4-E6FC-4A36-9CA6-C881F9E57618}.Release.Build.0 = Release|.NET
	EndGlobalSection
	GlobalSection(ExtensibilityGlobals) = postSolution
	EndGlobalSection
	GlobalSection(ExtensibilityAddIns) = postSolution
	EndGlobalSection
EndGlobal
