Microsoft Visual Studio Solution File, Format Version 8.00
Project("{FAE04EC0-301F-11D3-BF4B-00C04F79EFBC}") = "ConsoleApplication18", "ConsoleApplication18.csproj", "{3C7D267B-9B57-493F-A9F4-179E384527D3}"
	ProjectSection(ProjectDependencies) = postProject
	EndProjectSection
EndProject
Global
	GlobalSection(SolutionConfiguration) = preSolution
		Debug = Debug
		Release = Release
	EndGlobalSection
	GlobalSection(ProjectConfiguration) = postSolution
		{3C7D267B-9B57-493F-A9F4-179E384527D3}.Debug.ActiveCfg = Debug|.NET
		{3C7D267B-9B57-493F-A9F4-179E384527D3}.Debug.Build.0 = Debug|.NET
		{3C7D267B-9B57-493F-A9F4-179E384527D3}.Release.ActiveCfg = Release|.NET
		{3C7D267B-9B57-493F-A9F4-179E384527D3}.Release.Build.0 = Release|.NET
	EndGlobalSection
	GlobalSection(ExtensibilityGlobals) = postSolution
	EndGlobalSection
	GlobalSection(ExtensibilityAddIns) = postSolution
	EndGlobalSection
EndGlobal
